
Microsoft Visual Studio Solution File, Format Version 12.00
# Visual Studio Version 17
VisualStudioVersion = 17.11.35219.272
MinimumVisualStudioVersion = 10.0.40219.1
Project("{FAE04EC0-301F-11D3-BF4B-00C04F79EFBC}") = "QuanLyKhoPJ", "QuanLyKhoPJ\QuanLyKhoPJ.csproj", "{5C1DC4BC-3431-4320-8983-2046AD1EBAD3}"
EndProject
Global
	GlobalSection(SolutionConfigurationPlatforms) = preSolution
		Debug|Any CPU = Debug|Any CPU
		Release|Any CPU = Release|Any CPU
	EndGlobalSection
	GlobalSection(ProjectConfigurationPlatforms) = postSolution
		{5C1DC4BC-3431-4320-8983-2046AD1EBAD3}.Debug|Any CPU.ActiveCfg = Debug|Any CPU
		{5C1DC4BC-3431-4320-8983-2046AD1EBAD3}.Debug|Any CPU.Build.0 = Debug|Any CPU
		{5C1DC4BC-3431-4320-8983-2046AD1EBAD3}.Release|Any CPU.ActiveCfg = Release|Any CPU
		{5C1DC4BC-3431-4320-8983-2046AD1EBAD3}.Release|Any CPU.Build.0 = Release|Any CPU
	EndGlobalSection
	GlobalSection(SolutionProperties) = preSolution
		HideSolutionNode = FALSE
	EndGlobalSection
	GlobalSection(ExtensibilityGlobals) = postSolution
		SolutionGuid = {55BEC1A9-C8F9-4263-AD0A-F08B0B0B99FC}
	EndGlobalSection
EndGlobal
